
Microsoft Visual Studio Solution File, Format Version 12.00
# Visual Studio Version 16
VisualStudioVersion = 16.0.33130.400
MinimumVisualStudioVersion = 10.0.40219.1
Project("{FAE04EC0-301F-11D3-BF4B-00C04F79EFBC}") = "MyUniversityAPI", "MyUniversityAPI\MyUniversityAPI.csproj", "{2826A506-5979-4392-84DB-F0CB0259D075}"
EndProject
Global
	GlobalSection(SolutionConfigurationPlatforms) = preSolution
		Debug|Any CPU = Debug|Any CPU
		Release|Any CPU = Release|Any CPU
	EndGlobalSection
	GlobalSection(ProjectConfigurationPlatforms) = postSolution
		{2826A506-5979-4392-84DB-F0CB0259D075}.Debug|Any CPU.ActiveCfg = Debug|Any CPU
		{2826A506-5979-4392-84DB-F0CB0259D075}.Debug|Any CPU.Build.0 = Debug|Any CPU
		{2826A506-5979-4392-84DB-F0CB0259D075}.Release|Any CPU.ActiveCfg = Release|Any CPU
		{2826A506-5979-4392-84DB-F0CB0259D075}.Release|Any CPU.Build.0 = Release|Any CPU
	EndGlobalSection
	GlobalSection(SolutionProperties) = preSolution
		HideSolutionNode = FALSE
	EndGlobalSection
	GlobalSection(ExtensibilityGlobals) = postSolution
		SolutionGuid = {054AB5BA-F841-4E55-942E-95921E2C5DA7}
	EndGlobalSection
EndGlobal
